
Microsoft Visual Studio Solution File, Format Version 12.00
Project("{FAE04EC0-301F-11D3-BF4B-00C04F79EFBC}") = "BinaryControlConsole", "BinaryControlConsole\BinaryControlConsole.csproj", "{D0B59D6B-B048-4411-8EA5-6F44C99B3F45}"
EndProject
Project("{FAE04EC0-301F-11D3-BF4B-00C04F79EFBC}") = "BinaryControlLib", "BinaryControlLib\BinaryControlLib.csproj", "{7CC540E4-ECD8-40EC-AF0B-29F6E715641C}"
EndProject
Project("{FAE04EC0-301F-11D3-BF4B-00C04F79EFBC}") = "BinaryControlMAUI", "BinaryControlMAUI\BinaryControlMAUI.csproj", "{0E490A88-7263-4AE5-98F2-051CF600F64A}"
EndProject
Global
	GlobalSection(SolutionConfigurationPlatforms) = preSolution
		Debug|Any CPU = Debug|Any CPU
		Release|Any CPU = Release|Any CPU
	EndGlobalSection
	GlobalSection(ProjectConfigurationPlatforms) = postSolution
		{D0B59D6B-B048-4411-8EA5-6F44C99B3F45}.Debug|Any CPU.ActiveCfg = Debug|Any CPU
		{D0B59D6B-B048-4411-8EA5-6F44C99B3F45}.Debug|Any CPU.Build.0 = Debug|Any CPU
		{D0B59D6B-B048-4411-8EA5-6F44C99B3F45}.Release|Any CPU.ActiveCfg = Release|Any CPU
		{D0B59D6B-B048-4411-8EA5-6F44C99B3F45}.Release|Any CPU.Build.0 = Release|Any CPU
		{7CC540E4-ECD8-40EC-AF0B-29F6E715641C}.Debug|Any CPU.ActiveCfg = Debug|Any CPU
		{7CC540E4-ECD8-40EC-AF0B-29F6E715641C}.Debug|Any CPU.Build.0 = Debug|Any CPU
		{7CC540E4-ECD8-40EC-AF0B-29F6E715641C}.Release|Any CPU.ActiveCfg = Release|Any CPU
		{7CC540E4-ECD8-40EC-AF0B-29F6E715641C}.Release|Any CPU.Build.0 = Release|Any CPU
		{0E490A88-7263-4AE5-98F2-051CF600F64A}.Debug|Any CPU.ActiveCfg = Debug|Any CPU
		{0E490A88-7263-4AE5-98F2-051CF600F64A}.Debug|Any CPU.Build.0 = Debug|Any CPU
		{0E490A88-7263-4AE5-98F2-051CF600F64A}.Release|Any CPU.ActiveCfg = Release|Any CPU
		{0E490A88-7263-4AE5-98F2-051CF600F64A}.Release|Any CPU.Build.0 = Release|Any CPU
	EndGlobalSection
EndGlobal
