
Microsoft Visual Studio Solution File, Format Version 12.00
Project("{FAE04EC0-301F-11D3-BF4B-00C04F79EFBC}") = "BinaryControlConsole", "BinaryControlConsole\BinaryControlConsole.csproj", "{D0B59D6B-B048-4411-8EA5-6F44C99B3F45}"
EndProject
Project("{FAE04EC0-301F-11D3-BF4B-00C04F79EFBC}") = "BinaryControlLib", "BinaryControlLib\BinaryControlLib.csproj", "{7CC540E4-ECD8-40EC-AF0B-29F6E715641C}"
EndProject
Project("{FAE04EC0-301F-11D3-BF4B-00C04F79EFBC}") = "BinaryControlMAUI", "BinaryControlMAUI\BinaryControlMAUI.csproj", "{0E490A88-7263-4AE5-98F2-051CF600F64A}"
EndProject
Project("{FAE04EC0-301F-11D3-BF4B-00C04F79EFBC}") = "VirtualControl", "VirtualControl\VirtualControl.csproj", "{A491A94D-9F38-4832-942B-A729D0134B61}"
EndProject
Project("{FAE04EC0-301F-11D3-BF4B-00C04F79EFBC}") = "DataDrivenApp", "DataDrivenApp\DataDrivenApp.csproj", "{84F2F6C5-1094-460D-8FC9-3E6766C1B2CB}"
EndProject
Project("{FAE04EC0-301F-11D3-BF4B-00C04F79EFBC}") = "MenuLib", "MenuLib\MenuLib.csproj", "{DFDFC347-2996-4259-BC5E-7EA5CD3B03D4}"
EndProject
Project("{FAE04EC0-301F-11D3-BF4B-00C04F79EFBC}") = "AuthLib", "AuthLib\AuthLib.csproj", "{39E31800-3A4F-427B-89C6-D9BB774965C5}"
EndProject
Project("{FAE04EC0-301F-11D3-BF4B-00C04F79EFBC}") = "DynamicDataApp", "DynamicDataApp\DynamicDataApp.csproj", "{7F20931F-9CD0-4FD7-9065-644F5D1BBF52}"
EndProject
Project("{2150E333-8FDC-42A3-9474-1A3956D46DE8}") = "DataDriven", "DataDriven", "{BF606F11-944E-4963-BA0E-283E6FD58764}"
EndProject
Project("{FAE04EC0-301F-11D3-BF4B-00C04F79EFBC}") = "AppInterfaces", "AppInterfaces\AppInterfaces.csproj", "{F6A88D32-8C09-40FC-89FA-D389D0ABDFD0}"
EndProject
Project("{2150E333-8FDC-42A3-9474-1A3956D46DE8}") = "BinaryControl", "BinaryControl", "{069342D3-D4D2-4165-9367-A4F6242E2072}"
EndProject
Project("{2150E333-8FDC-42A3-9474-1A3956D46DE8}") = "SocketApp", "SocketApp", "{B79765AB-7D42-4CE2-9F2B-2B4C839DAF94}"
EndProject
Project("{FAE04EC0-301F-11D3-BF4B-00C04F79EFBC}") = "SocketApp.Core", "SocketApp.Core\SocketApp.Core.csproj", "{58D22017-494D-4DAC-AF43-E7741FED78CE}"
EndProject
Project("{FAE04EC0-301F-11D3-BF4B-00C04F79EFBC}") = "SocketApp.FileBrowser.Maui", "SocketApp.FileBrowser.Maui\SocketApp.FileBrowser.Maui.csproj", "{BD1926FB-D06E-4A62-AB39-F9948A336F72}"
EndProject
Project("{FAE04EC0-301F-11D3-BF4B-00C04F79EFBC}") = "SocketApp.ProcessDispatcher.Maui", "SocketApp.ProcessDispatcher.Maui\SocketApp.ProcessDispatcher.Maui.csproj", "{975E76C8-6FA1-4B63-BC6C-35F324BB1853}"
EndProject
Project("{FAE04EC0-301F-11D3-BF4B-00C04F79EFBC}") = "SocketApp.PlantDispatcher.Maui", "SocketApp.PlantDispatcher.Maui\SocketApp.PlantDispatcher.Maui.csproj", "{CFD2CE08-3B44-4CB7-A9A7-513C119EE0A1}"
EndProject
Project("{FAE04EC0-301F-11D3-BF4B-00C04F79EFBC}") = "SocketApp.ProcessController.Console", "SocketApp.ProcessController.Console\SocketApp.ProcessController.Console.csproj", "{D5DD2259-A5AB-4ABA-99B4-D3B58A21B88D}"
EndProject
Project("{FAE04EC0-301F-11D3-BF4B-00C04F79EFBC}") = "SocketApp.PlantController.Console", "SocketApp.PlantController.Console\SocketApp.PlantController.Console.csproj", "{FD88C637-5D0E-4F01-80E8-8848FEA18CF0}"
EndProject
Project("{FAE04EC0-301F-11D3-BF4B-00C04F79EFBC}") = "TestingApp", "TestingApp\TestingApp.csproj", "{4F1D274D-E8DE-4532-B802-2C7D541838E5}"
EndProject
Global
	GlobalSection(SolutionConfigurationPlatforms) = preSolution
		Debug|Any CPU = Debug|Any CPU
		Release|Any CPU = Release|Any CPU
	EndGlobalSection
	GlobalSection(ProjectConfigurationPlatforms) = postSolution
		{D0B59D6B-B048-4411-8EA5-6F44C99B3F45}.Debug|Any CPU.ActiveCfg = Debug|Any CPU
		{D0B59D6B-B048-4411-8EA5-6F44C99B3F45}.Debug|Any CPU.Build.0 = Debug|Any CPU
		{D0B59D6B-B048-4411-8EA5-6F44C99B3F45}.Release|Any CPU.ActiveCfg = Release|Any CPU
		{D0B59D6B-B048-4411-8EA5-6F44C99B3F45}.Release|Any CPU.Build.0 = Release|Any CPU
		{7CC540E4-ECD8-40EC-AF0B-29F6E715641C}.Debug|Any CPU.ActiveCfg = Debug|Any CPU
		{7CC540E4-ECD8-40EC-AF0B-29F6E715641C}.Debug|Any CPU.Build.0 = Debug|Any CPU
		{7CC540E4-ECD8-40EC-AF0B-29F6E715641C}.Release|Any CPU.ActiveCfg = Release|Any CPU
		{7CC540E4-ECD8-40EC-AF0B-29F6E715641C}.Release|Any CPU.Build.0 = Release|Any CPU
		{0E490A88-7263-4AE5-98F2-051CF600F64A}.Debug|Any CPU.ActiveCfg = Debug|Any CPU
		{0E490A88-7263-4AE5-98F2-051CF600F64A}.Debug|Any CPU.Build.0 = Debug|Any CPU
		{0E490A88-7263-4AE5-98F2-051CF600F64A}.Release|Any CPU.ActiveCfg = Release|Any CPU
		{0E490A88-7263-4AE5-98F2-051CF600F64A}.Release|Any CPU.Build.0 = Release|Any CPU
		{A491A94D-9F38-4832-942B-A729D0134B61}.Debug|Any CPU.ActiveCfg = Debug|Any CPU
		{A491A94D-9F38-4832-942B-A729D0134B61}.Debug|Any CPU.Build.0 = Debug|Any CPU
		{A491A94D-9F38-4832-942B-A729D0134B61}.Release|Any CPU.ActiveCfg = Release|Any CPU
		{A491A94D-9F38-4832-942B-A729D0134B61}.Release|Any CPU.Build.0 = Release|Any CPU
		{84F2F6C5-1094-460D-8FC9-3E6766C1B2CB}.Debug|Any CPU.ActiveCfg = Debug|Any CPU
		{84F2F6C5-1094-460D-8FC9-3E6766C1B2CB}.Debug|Any CPU.Build.0 = Debug|Any CPU
		{84F2F6C5-1094-460D-8FC9-3E6766C1B2CB}.Release|Any CPU.ActiveCfg = Release|Any CPU
		{84F2F6C5-1094-460D-8FC9-3E6766C1B2CB}.Release|Any CPU.Build.0 = Release|Any CPU
		{DFDFC347-2996-4259-BC5E-7EA5CD3B03D4}.Debug|Any CPU.ActiveCfg = Debug|Any CPU
		{DFDFC347-2996-4259-BC5E-7EA5CD3B03D4}.Debug|Any CPU.Build.0 = Debug|Any CPU
		{DFDFC347-2996-4259-BC5E-7EA5CD3B03D4}.Release|Any CPU.ActiveCfg = Release|Any CPU
		{DFDFC347-2996-4259-BC5E-7EA5CD3B03D4}.Release|Any CPU.Build.0 = Release|Any CPU
		{39E31800-3A4F-427B-89C6-D9BB774965C5}.Debug|Any CPU.ActiveCfg = Debug|Any CPU
		{39E31800-3A4F-427B-89C6-D9BB774965C5}.Debug|Any CPU.Build.0 = Debug|Any CPU
		{39E31800-3A4F-427B-89C6-D9BB774965C5}.Release|Any CPU.ActiveCfg = Release|Any CPU
		{39E31800-3A4F-427B-89C6-D9BB774965C5}.Release|Any CPU.Build.0 = Release|Any CPU
		{7F20931F-9CD0-4FD7-9065-644F5D1BBF52}.Debug|Any CPU.ActiveCfg = Debug|Any CPU
		{7F20931F-9CD0-4FD7-9065-644F5D1BBF52}.Debug|Any CPU.Build.0 = Debug|Any CPU
		{7F20931F-9CD0-4FD7-9065-644F5D1BBF52}.Release|Any CPU.ActiveCfg = Release|Any CPU
		{7F20931F-9CD0-4FD7-9065-644F5D1BBF52}.Release|Any CPU.Build.0 = Release|Any CPU
		{F6A88D32-8C09-40FC-89FA-D389D0ABDFD0}.Debug|Any CPU.ActiveCfg = Debug|Any CPU
		{F6A88D32-8C09-40FC-89FA-D389D0ABDFD0}.Debug|Any CPU.Build.0 = Debug|Any CPU
		{F6A88D32-8C09-40FC-89FA-D389D0ABDFD0}.Release|Any CPU.ActiveCfg = Release|Any CPU
		{F6A88D32-8C09-40FC-89FA-D389D0ABDFD0}.Release|Any CPU.Build.0 = Release|Any CPU
		{58D22017-494D-4DAC-AF43-E7741FED78CE}.Debug|Any CPU.ActiveCfg = Debug|Any CPU
		{58D22017-494D-4DAC-AF43-E7741FED78CE}.Debug|Any CPU.Build.0 = Debug|Any CPU
		{58D22017-494D-4DAC-AF43-E7741FED78CE}.Release|Any CPU.ActiveCfg = Release|Any CPU
		{58D22017-494D-4DAC-AF43-E7741FED78CE}.Release|Any CPU.Build.0 = Release|Any CPU
		{BD1926FB-D06E-4A62-AB39-F9948A336F72}.Debug|Any CPU.ActiveCfg = Debug|Any CPU
		{BD1926FB-D06E-4A62-AB39-F9948A336F72}.Debug|Any CPU.Build.0 = Debug|Any CPU
		{BD1926FB-D06E-4A62-AB39-F9948A336F72}.Release|Any CPU.ActiveCfg = Release|Any CPU
		{BD1926FB-D06E-4A62-AB39-F9948A336F72}.Release|Any CPU.Build.0 = Release|Any CPU
		{975E76C8-6FA1-4B63-BC6C-35F324BB1853}.Debug|Any CPU.ActiveCfg = Debug|Any CPU
		{975E76C8-6FA1-4B63-BC6C-35F324BB1853}.Debug|Any CPU.Build.0 = Debug|Any CPU
		{975E76C8-6FA1-4B63-BC6C-35F324BB1853}.Release|Any CPU.ActiveCfg = Release|Any CPU
		{975E76C8-6FA1-4B63-BC6C-35F324BB1853}.Release|Any CPU.Build.0 = Release|Any CPU
		{CFD2CE08-3B44-4CB7-A9A7-513C119EE0A1}.Debug|Any CPU.ActiveCfg = Debug|Any CPU
		{CFD2CE08-3B44-4CB7-A9A7-513C119EE0A1}.Debug|Any CPU.Build.0 = Debug|Any CPU
		{CFD2CE08-3B44-4CB7-A9A7-513C119EE0A1}.Release|Any CPU.ActiveCfg = Release|Any CPU
		{CFD2CE08-3B44-4CB7-A9A7-513C119EE0A1}.Release|Any CPU.Build.0 = Release|Any CPU
		{D5DD2259-A5AB-4ABA-99B4-D3B58A21B88D}.Debug|Any CPU.ActiveCfg = Debug|Any CPU
		{D5DD2259-A5AB-4ABA-99B4-D3B58A21B88D}.Debug|Any CPU.Build.0 = Debug|Any CPU
		{D5DD2259-A5AB-4ABA-99B4-D3B58A21B88D}.Release|Any CPU.ActiveCfg = Release|Any CPU
		{D5DD2259-A5AB-4ABA-99B4-D3B58A21B88D}.Release|Any CPU.Build.0 = Release|Any CPU
		{FD88C637-5D0E-4F01-80E8-8848FEA18CF0}.Debug|Any CPU.ActiveCfg = Debug|Any CPU
		{FD88C637-5D0E-4F01-80E8-8848FEA18CF0}.Debug|Any CPU.Build.0 = Debug|Any CPU
		{FD88C637-5D0E-4F01-80E8-8848FEA18CF0}.Release|Any CPU.ActiveCfg = Release|Any CPU
		{FD88C637-5D0E-4F01-80E8-8848FEA18CF0}.Release|Any CPU.Build.0 = Release|Any CPU
		{4F1D274D-E8DE-4532-B802-2C7D541838E5}.Debug|Any CPU.ActiveCfg = Debug|Any CPU
		{4F1D274D-E8DE-4532-B802-2C7D541838E5}.Debug|Any CPU.Build.0 = Debug|Any CPU
		{4F1D274D-E8DE-4532-B802-2C7D541838E5}.Release|Any CPU.ActiveCfg = Release|Any CPU
		{4F1D274D-E8DE-4532-B802-2C7D541838E5}.Release|Any CPU.Build.0 = Release|Any CPU
	EndGlobalSection
	GlobalSection(NestedProjects) = preSolution
		{84F2F6C5-1094-460D-8FC9-3E6766C1B2CB} = {BF606F11-944E-4963-BA0E-283E6FD58764}
		{7F20931F-9CD0-4FD7-9065-644F5D1BBF52} = {BF606F11-944E-4963-BA0E-283E6FD58764}
		{39E31800-3A4F-427B-89C6-D9BB774965C5} = {BF606F11-944E-4963-BA0E-283E6FD58764}
		{DFDFC347-2996-4259-BC5E-7EA5CD3B03D4} = {BF606F11-944E-4963-BA0E-283E6FD58764}
		{F6A88D32-8C09-40FC-89FA-D389D0ABDFD0} = {BF606F11-944E-4963-BA0E-283E6FD58764}
		{D0B59D6B-B048-4411-8EA5-6F44C99B3F45} = {069342D3-D4D2-4165-9367-A4F6242E2072}
		{7CC540E4-ECD8-40EC-AF0B-29F6E715641C} = {069342D3-D4D2-4165-9367-A4F6242E2072}
		{0E490A88-7263-4AE5-98F2-051CF600F64A} = {069342D3-D4D2-4165-9367-A4F6242E2072}
		{58D22017-494D-4DAC-AF43-E7741FED78CE} = {B79765AB-7D42-4CE2-9F2B-2B4C839DAF94}
		{BD1926FB-D06E-4A62-AB39-F9948A336F72} = {B79765AB-7D42-4CE2-9F2B-2B4C839DAF94}
		{975E76C8-6FA1-4B63-BC6C-35F324BB1853} = {B79765AB-7D42-4CE2-9F2B-2B4C839DAF94}
		{CFD2CE08-3B44-4CB7-A9A7-513C119EE0A1} = {B79765AB-7D42-4CE2-9F2B-2B4C839DAF94}
		{D5DD2259-A5AB-4ABA-99B4-D3B58A21B88D} = {B79765AB-7D42-4CE2-9F2B-2B4C839DAF94}
		{FD88C637-5D0E-4F01-80E8-8848FEA18CF0} = {B79765AB-7D42-4CE2-9F2B-2B4C839DAF94}
	EndGlobalSection
EndGlobal
